// !$*UTF8*$!
{
	archiveVersion = 1;
	classes = {
	};
	objectVersion = 46;
	objects = {

/* Begin PBXBuildFile section */
		651BFBAC1DAC2E1F004042E8 /* DateHelper.swift in Sources */ = {isa = PBXBuildFile; fileRef = 651BFBAB1DAC2E1F004042E8 /* DateHelper.swift */; };
		651BFBAF1DAC83F9004042E8 /* QuestionTableViewCell.swift in Sources */ = {isa = PBXBuildFile; fileRef = 651BFBAE1DAC83F9004042E8 /* QuestionTableViewCell.swift */; };
		651BFBB11DAC8436004042E8 /* SessionViewController.swift in Sources */ = {isa = PBXBuildFile; fileRef = 651BFBB01DAC8436004042E8 /* SessionViewController.swift */; };
		654F03FF1DA84C2100622268 /* AppDelegate.swift in Sources */ = {isa = PBXBuildFile; fileRef = 654F03FE1DA84C2100622268 /* AppDelegate.swift */; };
		654F04041DA84C2100622268 /* Main.storyboard in Resources */ = {isa = PBXBuildFile; fileRef = 654F04021DA84C2100622268 /* Main.storyboard */; };
		654F04071DA84C2100622268 /* VirtualCrowd.xcdatamodeld in Sources */ = {isa = PBXBuildFile; fileRef = 654F04051DA84C2100622268 /* VirtualCrowd.xcdatamodeld */; };
		654F040C1DA84C2100622268 /* LaunchScreen.storyboard in Resources */ = {isa = PBXBuildFile; fileRef = 654F040A1DA84C2100622268 /* LaunchScreen.storyboard */; };
		654F04171DA84C2200622268 /* VirtualCrowdTests.swift in Sources */ = {isa = PBXBuildFile; fileRef = 654F04161DA84C2200622268 /* VirtualCrowdTests.swift */; };
		654F04221DA84C2200622268 /* VirtualCrowdUITests.swift in Sources */ = {isa = PBXBuildFile; fileRef = 654F04211DA84C2200622268 /* VirtualCrowdUITests.swift */; };
		654F04301DA84CFA00622268 /* OpeningScreenViewController.swift in Sources */ = {isa = PBXBuildFile; fileRef = 654F042F1DA84CFA00622268 /* OpeningScreenViewController.swift */; };
		654F04351DA84DDB00622268 /* Question.swift in Sources */ = {isa = PBXBuildFile; fileRef = 654F04341DA84DDB00622268 /* Question.swift */; };
		654F04371DA84DF400622268 /* Session.swift in Sources */ = {isa = PBXBuildFile; fileRef = 654F04361DA84DF400622268 /* Session.swift */; };
		654F043B1DA84E2900622268 /* SessionController.swift in Sources */ = {isa = PBXBuildFile; fileRef = 654F043A1DA84E2900622268 /* SessionController.swift */; };
		654F043E1DA84E5C00622268 /* PublicFunctions.swift in Sources */ = {isa = PBXBuildFile; fileRef = 654F043D1DA84E5C00622268 /* PublicFunctions.swift */; };
		658B10F01DB6F55C0085DEB1 /* JoinCrowdTextField.swift in Sources */ = {isa = PBXBuildFile; fileRef = 658B10EF1DB6F55C0085DEB1 /* JoinCrowdTextField.swift */; };
		65954C6C1DAE717C0070F50C /* Assets.xcassets in Resources */ = {isa = PBXBuildFile; fileRef = 65954C6B1DAE717C0070F50C /* Assets.xcassets */; };
		65954C951DAEE6EC0070F50C /* PastSessionViewController.swift in Sources */ = {isa = PBXBuildFile; fileRef = 65954C941DAEE6EC0070F50C /* PastSessionViewController.swift */; };
		65B8FCB71DB5436700D14157 /* CloudKitManager.swift in Sources */ = {isa = PBXBuildFile; fileRef = 65B8FCB61DB5436700D14157 /* CloudKitManager.swift */; };
		65B8FCB91DB543C300D14157 /* CloudKitSyncable.swift in Sources */ = {isa = PBXBuildFile; fileRef = 65B8FCB81DB543C300D14157 /* CloudKitSyncable.swift */; };
		65B8FCBB1DB5799B00D14157 /* QuestionController.swift in Sources */ = {isa = PBXBuildFile; fileRef = 65B8FCBA1DB5799B00D14157 /* QuestionController.swift */; };
		65B8FCC31DB5850600D14157 /* CloudKit.framework in Frameworks */ = {isa = PBXBuildFile; fileRef = 65B8FCC21DB5850600D14157 /* CloudKit.framework */; };
		65B8FCC71DB58FFB00D14157 /* ToDo.swift in Sources */ = {isa = PBXBuildFile; fileRef = 65B8FCC61DB58FFB00D14157 /* ToDo.swift */; };
/* End PBXBuildFile section */

/* Begin PBXContainerItemProxy section */
		654F04131DA84C2200622268 /* PBXContainerItemProxy */ = {
			isa = PBXContainerItemProxy;
			containerPortal = 654F03F31DA84C2100622268 /* Project object */;
			proxyType = 1;
			remoteGlobalIDString = 654F03FA1DA84C2100622268;
			remoteInfo = VirtualCrowd;
		};
		654F041E1DA84C2200622268 /* PBXContainerItemProxy */ = {
			isa = PBXContainerItemProxy;
			containerPortal = 654F03F31DA84C2100622268 /* Project object */;
			proxyType = 1;
			remoteGlobalIDString = 654F03FA1DA84C2100622268;
			remoteInfo = VirtualCrowd;
		};
/* End PBXContainerItemProxy section */

/* Begin PBXFileReference section */
		651BFBAB1DAC2E1F004042E8 /* DateHelper.swift */ = {isa = PBXFileReference; fileEncoding = 4; lastKnownFileType = sourcecode.swift; path = DateHelper.swift; sourceTree = "<group>"; };
		651BFBAE1DAC83F9004042E8 /* QuestionTableViewCell.swift */ = {isa = PBXFileReference; fileEncoding = 4; lastKnownFileType = sourcecode.swift; path = QuestionTableViewCell.swift; sourceTree = "<group>"; };
		651BFBB01DAC8436004042E8 /* SessionViewController.swift */ = {isa = PBXFileReference; fileEncoding = 4; lastKnownFileType = sourcecode.swift; lineEnding = 0; path = SessionViewController.swift; sourceTree = "<group>"; xcLanguageSpecificationIdentifier = xcode.lang.swift; };
		654F03FB1DA84C2100622268 /* VirtualCrowd.app */ = {isa = PBXFileReference; explicitFileType = wrapper.application; includeInIndex = 0; path = VirtualCrowd.app; sourceTree = BUILT_PRODUCTS_DIR; };
		654F03FE1DA84C2100622268 /* AppDelegate.swift */ = {isa = PBXFileReference; lastKnownFileType = sourcecode.swift; path = AppDelegate.swift; sourceTree = "<group>"; };
		654F04031DA84C2100622268 /* Base */ = {isa = PBXFileReference; lastKnownFileType = file.storyboard; name = Base; path = Base.lproj/Main.storyboard; sourceTree = "<group>"; };
		654F04061DA84C2100622268 /* VirtualCrowd.xcdatamodel */ = {isa = PBXFileReference; lastKnownFileType = wrapper.xcdatamodel; path = VirtualCrowd.xcdatamodel; sourceTree = "<group>"; };
		654F040B1DA84C2100622268 /* Base */ = {isa = PBXFileReference; lastKnownFileType = file.storyboard; name = Base; path = Base.lproj/LaunchScreen.storyboard; sourceTree = "<group>"; };
		654F040D1DA84C2100622268 /* Info.plist */ = {isa = PBXFileReference; lastKnownFileType = text.plist.xml; path = Info.plist; sourceTree = "<group>"; };
		654F04121DA84C2200622268 /* VirtualCrowdTests.xctest */ = {isa = PBXFileReference; explicitFileType = wrapper.cfbundle; includeInIndex = 0; path = VirtualCrowdTests.xctest; sourceTree = BUILT_PRODUCTS_DIR; };
		654F04161DA84C2200622268 /* VirtualCrowdTests.swift */ = {isa = PBXFileReference; lastKnownFileType = sourcecode.swift; path = VirtualCrowdTests.swift; sourceTree = "<group>"; };
		654F04181DA84C2200622268 /* Info.plist */ = {isa = PBXFileReference; lastKnownFileType = text.plist.xml; path = Info.plist; sourceTree = "<group>"; };
		654F041D1DA84C2200622268 /* VirtualCrowdUITests.xctest */ = {isa = PBXFileReference; explicitFileType = wrapper.cfbundle; includeInIndex = 0; path = VirtualCrowdUITests.xctest; sourceTree = BUILT_PRODUCTS_DIR; };
		654F04211DA84C2200622268 /* VirtualCrowdUITests.swift */ = {isa = PBXFileReference; lastKnownFileType = sourcecode.swift; path = VirtualCrowdUITests.swift; sourceTree = "<group>"; };
		654F04231DA84C2200622268 /* Info.plist */ = {isa = PBXFileReference; lastKnownFileType = text.plist.xml; path = Info.plist; sourceTree = "<group>"; };
		654F042F1DA84CFA00622268 /* OpeningScreenViewController.swift */ = {isa = PBXFileReference; fileEncoding = 4; lastKnownFileType = sourcecode.swift; lineEnding = 0; path = OpeningScreenViewController.swift; sourceTree = "<group>"; xcLanguageSpecificationIdentifier = xcode.lang.swift; };
		654F04341DA84DDB00622268 /* Question.swift */ = {isa = PBXFileReference; fileEncoding = 4; lastKnownFileType = sourcecode.swift; path = Question.swift; sourceTree = "<group>"; };
		654F04361DA84DF400622268 /* Session.swift */ = {isa = PBXFileReference; fileEncoding = 4; lastKnownFileType = sourcecode.swift; path = Session.swift; sourceTree = "<group>"; };
		654F043A1DA84E2900622268 /* SessionController.swift */ = {isa = PBXFileReference; fileEncoding = 4; lastKnownFileType = sourcecode.swift; lineEnding = 0; path = SessionController.swift; sourceTree = "<group>"; xcLanguageSpecificationIdentifier = xcode.lang.swift; };
		654F043D1DA84E5C00622268 /* PublicFunctions.swift */ = {isa = PBXFileReference; fileEncoding = 4; lastKnownFileType = sourcecode.swift; path = PublicFunctions.swift; sourceTree = "<group>"; };
		658B10EF1DB6F55C0085DEB1 /* JoinCrowdTextField.swift */ = {isa = PBXFileReference; fileEncoding = 4; lastKnownFileType = sourcecode.swift; path = JoinCrowdTextField.swift; sourceTree = "<group>"; };
		65954C6B1DAE717C0070F50C /* Assets.xcassets */ = {isa = PBXFileReference; lastKnownFileType = folder.assetcatalog; path = Assets.xcassets; sourceTree = "<group>"; };
		65954C941DAEE6EC0070F50C /* PastSessionViewController.swift */ = {isa = PBXFileReference; fileEncoding = 4; lastKnownFileType = sourcecode.swift; lineEnding = 0; path = PastSessionViewController.swift; sourceTree = "<group>"; xcLanguageSpecificationIdentifier = xcode.lang.swift; };
		65B8FCB61DB5436700D14157 /* CloudKitManager.swift */ = {isa = PBXFileReference; fileEncoding = 4; lastKnownFileType = sourcecode.swift; path = CloudKitManager.swift; sourceTree = "<group>"; };
		65B8FCB81DB543C300D14157 /* CloudKitSyncable.swift */ = {isa = PBXFileReference; fileEncoding = 4; lastKnownFileType = sourcecode.swift; path = CloudKitSyncable.swift; sourceTree = "<group>"; };
		65B8FCBA1DB5799B00D14157 /* QuestionController.swift */ = {isa = PBXFileReference; fileEncoding = 4; lastKnownFileType = sourcecode.swift; path = QuestionController.swift; sourceTree = "<group>"; };
		65B8FCC01DB5842200D14157 /* VirtualCrowd.entitlements */ = {isa = PBXFileReference; lastKnownFileType = text.plist.entitlements; path = VirtualCrowd.entitlements; sourceTree = "<group>"; };
		65B8FCC21DB5850600D14157 /* CloudKit.framework */ = {isa = PBXFileReference; lastKnownFileType = wrapper.framework; name = CloudKit.framework; path = System/Library/Frameworks/CloudKit.framework; sourceTree = SDKROOT; };
		65B8FCC61DB58FFB00D14157 /* ToDo.swift */ = {isa = PBXFileReference; fileEncoding = 4; lastKnownFileType = sourcecode.swift; path = ToDo.swift; sourceTree = "<group>"; };
/* End PBXFileReference section */

/* Begin PBXFrameworksBuildPhase section */
		654F03F81DA84C2100622268 /* Frameworks */ = {
			isa = PBXFrameworksBuildPhase;
			buildActionMask = 2147483647;
			files = (
				65B8FCC31DB5850600D14157 /* CloudKit.framework in Frameworks */,
			);
			runOnlyForDeploymentPostprocessing = 0;
		};
		654F040F1DA84C2200622268 /* Frameworks */ = {
			isa = PBXFrameworksBuildPhase;
			buildActionMask = 2147483647;
			files = (
			);
			runOnlyForDeploymentPostprocessing = 0;
		};
		654F041A1DA84C2200622268 /* Frameworks */ = {
			isa = PBXFrameworksBuildPhase;
			buildActionMask = 2147483647;
			files = (
			);
			runOnlyForDeploymentPostprocessing = 0;
		};
/* End PBXFrameworksBuildPhase section */

/* Begin PBXGroup section */
		651BFBAD1DAC83A1004042E8 /* Custom */ = {
			isa = PBXGroup;
			children = (
				651BFBAE1DAC83F9004042E8 /* QuestionTableViewCell.swift */,
				658B10EF1DB6F55C0085DEB1 /* JoinCrowdTextField.swift */,
			);
			name = Custom;
			sourceTree = "<group>";
		};
		654F03F21DA84C2100622268 = {
			isa = PBXGroup;
			children = (
				654F03FD1DA84C2100622268 /* VirtualCrowd */,
				654F04151DA84C2200622268 /* VirtualCrowdTests */,
				654F04201DA84C2200622268 /* VirtualCrowdUITests */,
				654F03FC1DA84C2100622268 /* Products */,
				65B8FCC11DB5850600D14157 /* Frameworks */,
			);
			sourceTree = "<group>";
		};
		654F03FC1DA84C2100622268 /* Products */ = {
			isa = PBXGroup;
			children = (
				654F03FB1DA84C2100622268 /* VirtualCrowd.app */,
				654F04121DA84C2200622268 /* VirtualCrowdTests.xctest */,
				654F041D1DA84C2200622268 /* VirtualCrowdUITests.xctest */,
			);
			name = Products;
			sourceTree = "<group>";
		};
		654F03FD1DA84C2100622268 /* VirtualCrowd */ = {
			isa = PBXGroup;
			children = (
				65B8FCC01DB5842200D14157 /* VirtualCrowd.entitlements */,
				654F03FE1DA84C2100622268 /* AppDelegate.swift */,
				654F04021DA84C2100622268 /* Main.storyboard */,
				654F04311DA84D9000622268 /* Models */,
				65B8FCB51DB5435400D14157 /* CloudKit */,
				654F04331DA84DA700622268 /* ModelControllers */,
				651BFBAD1DAC83A1004042E8 /* Custom */,
				654F04321DA84D9B00622268 /* ViewControllers */,
				654F043C1DA84E4200622268 /* Extras */,
			);
			path = VirtualCrowd;
			sourceTree = "<group>";
		};
		654F04151DA84C2200622268 /* VirtualCrowdTests */ = {
			isa = PBXGroup;
			children = (
				654F04161DA84C2200622268 /* VirtualCrowdTests.swift */,
				654F04181DA84C2200622268 /* Info.plist */,
			);
			path = VirtualCrowdTests;
			sourceTree = "<group>";
		};
		654F04201DA84C2200622268 /* VirtualCrowdUITests */ = {
			isa = PBXGroup;
			children = (
				654F04211DA84C2200622268 /* VirtualCrowdUITests.swift */,
				654F04231DA84C2200622268 /* Info.plist */,
			);
			path = VirtualCrowdUITests;
			sourceTree = "<group>";
		};
		654F04311DA84D9000622268 /* Models */ = {
			isa = PBXGroup;
			children = (
				654F04361DA84DF400622268 /* Session.swift */,
				654F04341DA84DDB00622268 /* Question.swift */,
			);
			name = Models;
			sourceTree = "<group>";
		};
		654F04321DA84D9B00622268 /* ViewControllers */ = {
			isa = PBXGroup;
			children = (
				654F042F1DA84CFA00622268 /* OpeningScreenViewController.swift */,
				651BFBB01DAC8436004042E8 /* SessionViewController.swift */,
				65954C941DAEE6EC0070F50C /* PastSessionViewController.swift */,
			);
			name = ViewControllers;
			sourceTree = "<group>";
		};
		654F04331DA84DA700622268 /* ModelControllers */ = {
			isa = PBXGroup;
			children = (
				654F043A1DA84E2900622268 /* SessionController.swift */,
				65B8FCBA1DB5799B00D14157 /* QuestionController.swift */,
			);
			name = ModelControllers;
			sourceTree = "<group>";
		};
		654F043C1DA84E4200622268 /* Extras */ = {
			isa = PBXGroup;
			children = (
				651BFBAB1DAC2E1F004042E8 /* DateHelper.swift */,
				654F043D1DA84E5C00622268 /* PublicFunctions.swift */,
				65B8FCC61DB58FFB00D14157 /* ToDo.swift */,
				654F040A1DA84C2100622268 /* LaunchScreen.storyboard */,
				654F040D1DA84C2100622268 /* Info.plist */,
				654F04051DA84C2100622268 /* VirtualCrowd.xcdatamodeld */,
				65954C6B1DAE717C0070F50C /* Assets.xcassets */,
			);
			name = Extras;
			sourceTree = "<group>";
		};
		65B8FCB51DB5435400D14157 /* CloudKit */ = {
			isa = PBXGroup;
			children = (
				65B8FCB61DB5436700D14157 /* CloudKitManager.swift */,
				65B8FCB81DB543C300D14157 /* CloudKitSyncable.swift */,
			);
			name = CloudKit;
			sourceTree = "<group>";
		};
		65B8FCC11DB5850600D14157 /* Frameworks */ = {
			isa = PBXGroup;
			children = (
				65B8FCC21DB5850600D14157 /* CloudKit.framework */,
			);
			name = Frameworks;
			sourceTree = "<group>";
		};
/* End PBXGroup section */

/* Begin PBXNativeTarget section */
		654F03FA1DA84C2100622268 /* VirtualCrowd */ = {
			isa = PBXNativeTarget;
			buildConfigurationList = 654F04261DA84C2200622268 /* Build configuration list for PBXNativeTarget "VirtualCrowd" */;
			buildPhases = (
				654F03F71DA84C2100622268 /* Sources */,
				654F03F81DA84C2100622268 /* Frameworks */,
				654F03F91DA84C2100622268 /* Resources */,
			);
			buildRules = (
			);
			dependencies = (
			);
			name = VirtualCrowd;
			productName = VirtualCrowd;
			productReference = 654F03FB1DA84C2100622268 /* VirtualCrowd.app */;
			productType = "com.apple.product-type.application";
		};
		654F04111DA84C2200622268 /* VirtualCrowdTests */ = {
			isa = PBXNativeTarget;
			buildConfigurationList = 654F04291DA84C2200622268 /* Build configuration list for PBXNativeTarget "VirtualCrowdTests" */;
			buildPhases = (
				654F040E1DA84C2200622268 /* Sources */,
				654F040F1DA84C2200622268 /* Frameworks */,
				654F04101DA84C2200622268 /* Resources */,
			);
			buildRules = (
			);
			dependencies = (
				654F04141DA84C2200622268 /* PBXTargetDependency */,
			);
			name = VirtualCrowdTests;
			productName = VirtualCrowdTests;
			productReference = 654F04121DA84C2200622268 /* VirtualCrowdTests.xctest */;
			productType = "com.apple.product-type.bundle.unit-test";
		};
		654F041C1DA84C2200622268 /* VirtualCrowdUITests */ = {
			isa = PBXNativeTarget;
			buildConfigurationList = 654F042C1DA84C2200622268 /* Build configuration list for PBXNativeTarget "VirtualCrowdUITests" */;
			buildPhases = (
				654F04191DA84C2200622268 /* Sources */,
				654F041A1DA84C2200622268 /* Frameworks */,
				654F041B1DA84C2200622268 /* Resources */,
			);
			buildRules = (
			);
			dependencies = (
				654F041F1DA84C2200622268 /* PBXTargetDependency */,
			);
			name = VirtualCrowdUITests;
			productName = VirtualCrowdUITests;
			productReference = 654F041D1DA84C2200622268 /* VirtualCrowdUITests.xctest */;
			productType = "com.apple.product-type.bundle.ui-testing";
		};
/* End PBXNativeTarget section */

/* Begin PBXProject section */
		654F03F31DA84C2100622268 /* Project object */ = {
			isa = PBXProject;
			attributes = {
				LastSwiftUpdateCheck = 0800;
				LastUpgradeCheck = 0810;
				ORGANIZATIONNAME = VanRoyal;
				TargetAttributes = {
					654F03FA1DA84C2100622268 = {
						CreatedOnToolsVersion = 8.0;
						DevelopmentTeam = 9BT5L85AT6;
						ProvisioningStyle = Automatic;
						SystemCapabilities = {
							com.apple.BackgroundModes = {
								enabled = 0;
							};
							com.apple.Push = {
								enabled = 1;
							};
							com.apple.iCloud = {
								enabled = 1;
							};
						};
					};
					654F04111DA84C2200622268 = {
						CreatedOnToolsVersion = 8.0;
						DevelopmentTeam = 9BT5L85AT6;
						ProvisioningStyle = Automatic;
						TestTargetID = 654F03FA1DA84C2100622268;
					};
					654F041C1DA84C2200622268 = {
						CreatedOnToolsVersion = 8.0;
						DevelopmentTeam = 9BT5L85AT6;
						ProvisioningStyle = Automatic;
						TestTargetID = 654F03FA1DA84C2100622268;
					};
				};
			};
			buildConfigurationList = 654F03F61DA84C2100622268 /* Build configuration list for PBXProject "VirtualCrowd" */;
			compatibilityVersion = "Xcode 3.2";
			developmentRegion = English;
			hasScannedForEncodings = 0;
			knownRegions = (
				en,
				Base,
			);
			mainGroup = 654F03F21DA84C2100622268;
			productRefGroup = 654F03FC1DA84C2100622268 /* Products */;
			projectDirPath = "";
			projectRoot = "";
			targets = (
				654F03FA1DA84C2100622268 /* VirtualCrowd */,
				654F04111DA84C2200622268 /* VirtualCrowdTests */,
				654F041C1DA84C2200622268 /* VirtualCrowdUITests */,
			);
		};
/* End PBXProject section */

/* Begin PBXResourcesBuildPhase section */
		654F03F91DA84C2100622268 /* Resources */ = {
			isa = PBXResourcesBuildPhase;
			buildActionMask = 2147483647;
			files = (
				654F040C1DA84C2100622268 /* LaunchScreen.storyboard in Resources */,
				65954C6C1DAE717C0070F50C /* Assets.xcassets in Resources */,
				654F04041DA84C2100622268 /* Main.storyboard in Resources */,
			);
			runOnlyForDeploymentPostprocessing = 0;
		};
		654F04101DA84C2200622268 /* Resources */ = {
			isa = PBXResourcesBuildPhase;
			buildActionMask = 2147483647;
			files = (
			);
			runOnlyForDeploymentPostprocessing = 0;
		};
		654F041B1DA84C2200622268 /* Resources */ = {
			isa = PBXResourcesBuildPhase;
			buildActionMask = 2147483647;
			files = (
			);
			runOnlyForDeploymentPostprocessing = 0;
		};
/* End PBXResourcesBuildPhase section */

/* Begin PBXSourcesBuildPhase section */
		654F03F71DA84C2100622268 /* Sources */ = {
			isa = PBXSourcesBuildPhase;
			buildActionMask = 2147483647;
			files = (
				65954C951DAEE6EC0070F50C /* PastSessionViewController.swift in Sources */,
				654F043E1DA84E5C00622268 /* PublicFunctions.swift in Sources */,
				65B8FCB71DB5436700D14157 /* CloudKitManager.swift in Sources */,
				654F043B1DA84E2900622268 /* SessionController.swift in Sources */,
				65B8FCB91DB543C300D14157 /* CloudKitSyncable.swift in Sources */,
				654F04371DA84DF400622268 /* Session.swift in Sources */,
				651BFBB11DAC8436004042E8 /* SessionViewController.swift in Sources */,
				65B8FCBB1DB5799B00D14157 /* QuestionController.swift in Sources */,
				658B10F01DB6F55C0085DEB1 /* JoinCrowdTextField.swift in Sources */,
				65B8FCC71DB58FFB00D14157 /* ToDo.swift in Sources */,
				654F04301DA84CFA00622268 /* OpeningScreenViewController.swift in Sources */,
				654F04351DA84DDB00622268 /* Question.swift in Sources */,
				654F04071DA84C2100622268 /* VirtualCrowd.xcdatamodeld in Sources */,
				651BFBAF1DAC83F9004042E8 /* QuestionTableViewCell.swift in Sources */,
				651BFBAC1DAC2E1F004042E8 /* DateHelper.swift in Sources */,
				654F03FF1DA84C2100622268 /* AppDelegate.swift in Sources */,
			);
			runOnlyForDeploymentPostprocessing = 0;
		};
		654F040E1DA84C2200622268 /* Sources */ = {
			isa = PBXSourcesBuildPhase;
			buildActionMask = 2147483647;
			files = (
				654F04171DA84C2200622268 /* VirtualCrowdTests.swift in Sources */,
			);
			runOnlyForDeploymentPostprocessing = 0;
		};
		654F04191DA84C2200622268 /* Sources */ = {
			isa = PBXSourcesBuildPhase;
			buildActionMask = 2147483647;
			files = (
				654F04221DA84C2200622268 /* VirtualCrowdUITests.swift in Sources */,
			);
			runOnlyForDeploymentPostprocessing = 0;
		};
/* End PBXSourcesBuildPhase section */

/* Begin PBXTargetDependency section */
		654F04141DA84C2200622268 /* PBXTargetDependency */ = {
			isa = PBXTargetDependency;
			target = 654F03FA1DA84C2100622268 /* VirtualCrowd */;
			targetProxy = 654F04131DA84C2200622268 /* PBXContainerItemProxy */;
		};
		654F041F1DA84C2200622268 /* PBXTargetDependency */ = {
			isa = PBXTargetDependency;
			target = 654F03FA1DA84C2100622268 /* VirtualCrowd */;
			targetProxy = 654F041E1DA84C2200622268 /* PBXContainerItemProxy */;
		};
/* End PBXTargetDependency section */

/* Begin PBXVariantGroup section */
		654F04021DA84C2100622268 /* Main.storyboard */ = {
			isa = PBXVariantGroup;
			children = (
				654F04031DA84C2100622268 /* Base */,
			);
			name = Main.storyboard;
			sourceTree = "<group>";
		};
		654F040A1DA84C2100622268 /* LaunchScreen.storyboard */ = {
			isa = PBXVariantGroup;
			children = (
				654F040B1DA84C2100622268 /* Base */,
			);
			name = LaunchScreen.storyboard;
			sourceTree = "<group>";
		};
/* End PBXVariantGroup section */

/* Begin XCBuildConfiguration section */
		654F04241DA84C2200622268 /* Debug */ = {
			isa = XCBuildConfiguration;
			buildSettings = {
				ALWAYS_SEARCH_USER_PATHS = NO;
				CLANG_ANALYZER_NONNULL = YES;
				CLANG_CXX_LANGUAGE_STANDARD = "gnu++0x";
				CLANG_CXX_LIBRARY = "libc++";
				CLANG_ENABLE_MODULES = YES;
				CLANG_ENABLE_OBJC_ARC = YES;
				CLANG_WARN_BOOL_CONVERSION = YES;
				CLANG_WARN_CONSTANT_CONVERSION = YES;
				CLANG_WARN_DIRECT_OBJC_ISA_USAGE = YES_ERROR;
				CLANG_WARN_DOCUMENTATION_COMMENTS = YES;
				CLANG_WARN_EMPTY_BODY = YES;
				CLANG_WARN_ENUM_CONVERSION = YES;
				CLANG_WARN_INFINITE_RECURSION = YES;
				CLANG_WARN_INT_CONVERSION = YES;
				CLANG_WARN_OBJC_ROOT_CLASS = YES_ERROR;
				CLANG_WARN_SUSPICIOUS_MOVE = YES;
				CLANG_WARN_SUSPICIOUS_MOVES = YES;
				CLANG_WARN_UNREACHABLE_CODE = YES;
				CLANG_WARN__DUPLICATE_METHOD_MATCH = YES;
				"CODE_SIGN_IDENTITY[sdk=iphoneos*]" = "iPhone Developer";
				COPY_PHASE_STRIP = NO;
				DEBUG_INFORMATION_FORMAT = dwarf;
				ENABLE_STRICT_OBJC_MSGSEND = YES;
				ENABLE_TESTABILITY = YES;
				GCC_C_LANGUAGE_STANDARD = gnu99;
				GCC_DYNAMIC_NO_PIC = NO;
				GCC_NO_COMMON_BLOCKS = YES;
				GCC_OPTIMIZATION_LEVEL = 0;
				GCC_PREPROCESSOR_DEFINITIONS = (
					"DEBUG=1",
					"$(inherited)",
				);
				GCC_WARN_64_TO_32_BIT_CONVERSION = YES;
				GCC_WARN_ABOUT_RETURN_TYPE = YES_ERROR;
				GCC_WARN_UNDECLARED_SELECTOR = YES;
				GCC_WARN_UNINITIALIZED_AUTOS = YES_AGGRESSIVE;
				GCC_WARN_UNUSED_FUNCTION = YES;
				GCC_WARN_UNUSED_VARIABLE = YES;
				IPHONEOS_DEPLOYMENT_TARGET = 10.0;
				MTL_ENABLE_DEBUG_INFO = YES;
				ONLY_ACTIVE_ARCH = YES;
				SDKROOT = iphoneos;
				SWIFT_ACTIVE_COMPILATION_CONDITIONS = DEBUG;
				SWIFT_OPTIMIZATION_LEVEL = "-Onone";
			};
			name = Debug;
		};
		654F04251DA84C2200622268 /* Release */ = {
			isa = XCBuildConfiguration;
			buildSettings = {
				ALWAYS_SEARCH_USER_PATHS = NO;
				CLANG_ANALYZER_NONNULL = YES;
				CLANG_CXX_LANGUAGE_STANDARD = "gnu++0x";
				CLANG_CXX_LIBRARY = "libc++";
				CLANG_ENABLE_MODULES = YES;
				CLANG_ENABLE_OBJC_ARC = YES;
				CLANG_WARN_BOOL_CONVERSION = YES;
				CLANG_WARN_CONSTANT_CONVERSION = YES;
				CLANG_WARN_DIRECT_OBJC_ISA_USAGE = YES_ERROR;
				CLANG_WARN_DOCUMENTATION_COMMENTS = YES;
				CLANG_WARN_EMPTY_BODY = YES;
				CLANG_WARN_ENUM_CONVERSION = YES;
				CLANG_WARN_INFINITE_RECURSION = YES;
				CLANG_WARN_INT_CONVERSION = YES;
				CLANG_WARN_OBJC_ROOT_CLASS = YES_ERROR;
				CLANG_WARN_SUSPICIOUS_MOVE = YES;
				CLANG_WARN_SUSPICIOUS_MOVES = YES;
				CLANG_WARN_UNREACHABLE_CODE = YES;
				CLANG_WARN__DUPLICATE_METHOD_MATCH = YES;
				"CODE_SIGN_IDENTITY[sdk=iphoneos*]" = "iPhone Developer";
				COPY_PHASE_STRIP = NO;
				DEBUG_INFORMATION_FORMAT = "dwarf-with-dsym";
				ENABLE_NS_ASSERTIONS = NO;
				ENABLE_STRICT_OBJC_MSGSEND = YES;
				GCC_C_LANGUAGE_STANDARD = gnu99;
				GCC_NO_COMMON_BLOCKS = YES;
				GCC_WARN_64_TO_32_BIT_CONVERSION = YES;
				GCC_WARN_ABOUT_RETURN_TYPE = YES_ERROR;
				GCC_WARN_UNDECLARED_SELECTOR = YES;
				GCC_WARN_UNINITIALIZED_AUTOS = YES_AGGRESSIVE;
				GCC_WARN_UNUSED_FUNCTION = YES;
				GCC_WARN_UNUSED_VARIABLE = YES;
				IPHONEOS_DEPLOYMENT_TARGET = 10.0;
				MTL_ENABLE_DEBUG_INFO = NO;
				SDKROOT = iphoneos;
				SWIFT_OPTIMIZATION_LEVEL = "-Owholemodule";
				VALIDATE_PRODUCT = YES;
			};
			name = Release;
		};
		654F04271DA84C2200622268 /* Debug */ = {
			isa = XCBuildConfiguration;
			buildSettings = {
				ASSETCATALOG_COMPILER_APPICON_NAME = AppIcon;
				CODE_SIGN_ENTITLEMENTS = VirtualCrowd/VirtualCrowd.entitlements;
				DEVELOPMENT_TEAM = 9BT5L85AT6;
				INFOPLIST_FILE = VirtualCrowd/Info.plist;
				LD_RUNPATH_SEARCH_PATHS = "$(inherited) @executable_path/Frameworks";
				PRODUCT_BUNDLE_IDENTIFIER = com.VanRoyal.VirtualCrowd;
				PRODUCT_NAME = "$(TARGET_NAME)";
				SWIFT_VERSION = 3.0;
				TARGETED_DEVICE_FAMILY = "1,2";
			};
			name = Debug;
		};
		654F04281DA84C2200622268 /* Release */ = {
			isa = XCBuildConfiguration;
			buildSettings = {
				ASSETCATALOG_COMPILER_APPICON_NAME = AppIcon;
				CODE_SIGN_ENTITLEMENTS = VirtualCrowd/VirtualCrowd.entitlements;
				DEVELOPMENT_TEAM = 9BT5L85AT6;
				INFOPLIST_FILE = VirtualCrowd/Info.plist;
				LD_RUNPATH_SEARCH_PATHS = "$(inherited) @executable_path/Frameworks";
				PRODUCT_BUNDLE_IDENTIFIER = com.VanRoyal.VirtualCrowd;
				PRODUCT_NAME = "$(TARGET_NAME)";
				SWIFT_VERSION = 3.0;
				TARGETED_DEVICE_FAMILY = "1,2";
			};
			name = Release;
		};
		654F042A1DA84C2200622268 /* Debug */ = {
			isa = XCBuildConfiguration;
			buildSettings = {
				ALWAYS_EMBED_SWIFT_STANDARD_LIBRARIES = YES;
				BUNDLE_LOADER = "$(TEST_HOST)";
				DEVELOPMENT_TEAM = 9BT5L85AT6;
				INFOPLIST_FILE = VirtualCrowdTests/Info.plist;
				LD_RUNPATH_SEARCH_PATHS = "$(inherited) @executable_path/Frameworks @loader_path/Frameworks";
				PRODUCT_BUNDLE_IDENTIFIER = com.VanRoyal.VirtualCrowdTests;
				PRODUCT_NAME = "$(TARGET_NAME)";
				SWIFT_VERSION = 3.0;
				TEST_HOST = "$(BUILT_PRODUCTS_DIR)/VirtualCrowd.app/VirtualCrowd";
			};
			name = Debug;
		};
		654F042B1DA84C2200622268 /* Release */ = {
			isa = XCBuildConfiguration;
			buildSettings = {
				ALWAYS_EMBED_SWIFT_STANDARD_LIBRARIES = YES;
				BUNDLE_LOADER = "$(TEST_HOST)";
				DEVELOPMENT_TEAM = 9BT5L85AT6;
				INFOPLIST_FILE = VirtualCrowdTests/Info.plist;
				LD_RUNPATH_SEARCH_PATHS = "$(inherited) @executable_path/Frameworks @loader_path/Frameworks";
				PRODUCT_BUNDLE_IDENTIFIER = com.VanRoyal.VirtualCrowdTests;
				PRODUCT_NAME = "$(TARGET_NAME)";
				SWIFT_VERSION = 3.0;
				TEST_HOST = "$(BUILT_PRODUCTS_DIR)/VirtualCrowd.app/VirtualCrowd";
			};
			name = Release;
		};
		654F042D1DA84C2200622268 /* Debug */ = {
			isa = XCBuildConfiguration;
			buildSettings = {
				ALWAYS_EMBED_SWIFT_STANDARD_LIBRARIES = YES;
				DEVELOPMENT_TEAM = 9BT5L85AT6;
				INFOPLIST_FILE = VirtualCrowdUITests/Info.plist;
				LD_RUNPATH_SEARCH_PATHS = "$(inherited) @executable_path/Frameworks @loader_path/Frameworks";
				PRODUCT_BUNDLE_IDENTIFIER = com.VanRoyal.VirtualCrowdUITests;
				PRODUCT_NAME = "$(TARGET_NAME)";
				SWIFT_VERSION = 3.0;
				TEST_TARGET_NAME = VirtualCrowd;
			};
			name = Debug;
		};
		654F042E1DA84C2200622268 /* Release */ = {
			isa = XCBuildConfiguration;
			buildSettings = {
				ALWAYS_EMBED_SWIFT_STANDARD_LIBRARIES = YES;
				DEVELOPMENT_TEAM = 9BT5L85AT6;
				INFOPLIST_FILE = VirtualCrowdUITests/Info.plist;
				LD_RUNPATH_SEARCH_PATHS = "$(inherited) @executable_path/Frameworks @loader_path/Frameworks";
				PRODUCT_BUNDLE_IDENTIFIER = com.VanRoyal.VirtualCrowdUITests;
				PRODUCT_NAME = "$(TARGET_NAME)";
				SWIFT_VERSION = 3.0;
				TEST_TARGET_NAME = VirtualCrowd;
			};
			name = Release;
		};
		65926B701DD6879400FE11B2 /* Release copy */ = {
			isa = XCBuildConfiguration;
			buildSettings = {
				ALWAYS_SEARCH_USER_PATHS = NO;
				CLANG_ANALYZER_NONNULL = YES;
				CLANG_CXX_LANGUAGE_STANDARD = "gnu++0x";
				CLANG_CXX_LIBRARY = "libc++";
				CLANG_ENABLE_MODULES = YES;
				CLANG_ENABLE_OBJC_ARC = YES;
				CLANG_WARN_BOOL_CONVERSION = YES;
				CLANG_WARN_CONSTANT_CONVERSION = YES;
				CLANG_WARN_DIRECT_OBJC_ISA_USAGE = YES_ERROR;
				CLANG_WARN_DOCUMENTATION_COMMENTS = YES;
				CLANG_WARN_EMPTY_BODY = YES;
				CLANG_WARN_ENUM_CONVERSION = YES;
				CLANG_WARN_INFINITE_RECURSION = YES;
				CLANG_WARN_INT_CONVERSION = YES;
				CLANG_WARN_OBJC_ROOT_CLASS = YES_ERROR;
				CLANG_WARN_SUSPICIOUS_MOVE = YES;
				CLANG_WARN_SUSPICIOUS_MOVES = YES;
				CLANG_WARN_UNREACHABLE_CODE = YES;
				CLANG_WARN__DUPLICATE_METHOD_MATCH = YES;
				"CODE_SIGN_IDENTITY[sdk=iphoneos*]" = "iPhone Developer";
				COPY_PHASE_STRIP = NO;
				DEBUG_INFORMATION_FORMAT = "dwarf-with-dsym";
				ENABLE_NS_ASSERTIONS = NO;
				ENABLE_STRICT_OBJC_MSGSEND = YES;
				GCC_C_LANGUAGE_STANDARD = gnu99;
				GCC_NO_COMMON_BLOCKS = YES;
				GCC_WARN_64_TO_32_BIT_CONVERSION = YES;
				GCC_WARN_ABOUT_RETURN_TYPE = YES_ERROR;
				GCC_WARN_UNDECLARED_SELECTOR = YES;
				GCC_WARN_UNINITIALIZED_AUTOS = YES_AGGRESSIVE;
				GCC_WARN_UNUSED_FUNCTION = YES;
				GCC_WARN_UNUSED_VARIABLE = YES;
				IPHONEOS_DEPLOYMENT_TARGET = 10.0;
				MTL_ENABLE_DEBUG_INFO = NO;
				SDKROOT = iphoneos;
				SWIFT_OPTIMIZATION_LEVEL = "-Owholemodule";
				VALIDATE_PRODUCT = YES;
			};
			name = "Release copy";
		};
		65926B711DD6879400FE11B2 /* Release copy */ = {
			isa = XCBuildConfiguration;
			buildSettings = {
				ASSETCATALOG_COMPILER_APPICON_NAME = AppIcon;
				CODE_SIGN_ENTITLEMENTS = VirtualCrowd/VirtualCrowd.entitlements;
				DEVELOPMENT_TEAM = 9BT5L85AT6;
				INFOPLIST_FILE = VirtualCrowd/Info.plist;
				LD_RUNPATH_SEARCH_PATHS = "$(inherited) @executable_path/Frameworks";
				PRODUCT_BUNDLE_IDENTIFIER = com.VanRoyal.VirtualCrowd;
				PRODUCT_NAME = "$(TARGET_NAME)";
				SWIFT_VERSION = 3.0;
				TARGETED_DEVICE_FAMILY = "1,2";
			};
			name = "Release copy";
		};
		65926B721DD6879400FE11B2 /* Release copy */ = {
			isa = XCBuildConfiguration;
			buildSettings = {
				ALWAYS_EMBED_SWIFT_STANDARD_LIBRARIES = YES;
				BUNDLE_LOADER = "$(TEST_HOST)";
				DEVELOPMENT_TEAM = 9BT5L85AT6;
				INFOPLIST_FILE = VirtualCrowdTests/Info.plist;
				LD_RUNPATH_SEARCH_PATHS = "$(inherited) @executable_path/Frameworks @loader_path/Frameworks";
				PRODUCT_BUNDLE_IDENTIFIER = com.VanRoyal.VirtualCrowdTests;
				PRODUCT_NAME = "$(TARGET_NAME)";
				SWIFT_VERSION = 3.0;
				TEST_HOST = "$(BUILT_PRODUCTS_DIR)/VirtualCrowd.app/VirtualCrowd";
			};
			name = "Release copy";
		};
		65926B731DD6879400FE11B2 /* Release copy */ = {
			isa = XCBuildConfiguration;
			buildSettings = {
				ALWAYS_EMBED_SWIFT_STANDARD_LIBRARIES = YES;
				DEVELOPMENT_TEAM = 9BT5L85AT6;
				INFOPLIST_FILE = VirtualCrowdUITests/Info.plist;
				LD_RUNPATH_SEARCH_PATHS = "$(inherited) @executable_path/Frameworks @loader_path/Frameworks";
				PRODUCT_BUNDLE_IDENTIFIER = com.VanRoyal.VirtualCrowdUITests;
				PRODUCT_NAME = "$(TARGET_NAME)";
				SWIFT_VERSION = 3.0;
				TEST_TARGET_NAME = VirtualCrowd;
			};
			name = "Release copy";
		};
/* End XCBuildConfiguration section */

/* Begin XCConfigurationList section */
		654F03F61DA84C2100622268 /* Build configuration list for PBXProject "VirtualCrowd" */ = {
			isa = XCConfigurationList;
			buildConfigurations = (
				654F04241DA84C2200622268 /* Debug */,
				654F04251DA84C2200622268 /* Release */,
				65926B701DD6879400FE11B2 /* Release copy */,
			);
			defaultConfigurationIsVisible = 0;
			defaultConfigurationName = Release;
		};
		654F04261DA84C2200622268 /* Build configuration list for PBXNativeTarget "VirtualCrowd" */ = {
			isa = XCConfigurationList;
			buildConfigurations = (
				654F04271DA84C2200622268 /* Debug */,
				654F04281DA84C2200622268 /* Release */,
				65926B711DD6879400FE11B2 /* Release copy */,
			);
			defaultConfigurationIsVisible = 0;
			defaultConfigurationName = Release;
		};
		654F04291DA84C2200622268 /* Build configuration list for PBXNativeTarget "VirtualCrowdTests" */ = {
			isa = XCConfigurationList;
			buildConfigurations = (
				654F042A1DA84C2200622268 /* Debug */,
				654F042B1DA84C2200622268 /* Release */,
				65926B721DD6879400FE11B2 /* Release copy */,
			);
			defaultConfigurationIsVisible = 0;
			defaultConfigurationName = Release;
		};
		654F042C1DA84C2200622268 /* Build configuration list for PBXNativeTarget "VirtualCrowdUITests" */ = {
			isa = XCConfigurationList;
			buildConfigurations = (
				654F042D1DA84C2200622268 /* Debug */,
				654F042E1DA84C2200622268 /* Release */,
				65926B731DD6879400FE11B2 /* Release copy */,
			);
			defaultConfigurationIsVisible = 0;
			defaultConfigurationName = Release;
		};
/* End XCConfigurationList section */

/* Begin XCVersionGroup section */
		654F04051DA84C2100622268 /* VirtualCrowd.xcdatamodeld */ = {
			isa = XCVersionGroup;
			children = (
				654F04061DA84C2100622268 /* VirtualCrowd.xcdatamodel */,
			);
			currentVersion = 654F04061DA84C2100622268 /* VirtualCrowd.xcdatamodel */;
			path = VirtualCrowd.xcdatamodeld;
			sourceTree = "<group>";
			versionGroupType = wrapper.xcdatamodel;
		};
/* End XCVersionGroup section */
	};
	rootObject = 654F03F31DA84C2100622268 /* Project object */;
}
